
Microsoft Visual Studio Solution File, Format Version 12.00
# Visual Studio 15
VisualStudioVersion = 15.0.28307.1738
MinimumVisualStudioVersion = 10.0.40219.1
Project("{159641D6-6404-4A2A-AE62-294DE0FE8301}") = "AmazingMart", "AmazingMart\AmazingMart.dtproj", "{4A44026C-8312-414B-A33C-7B721B745F1F}"
EndProject
Project("{D2ABAB84-BF74-430A-B69E-9DC6D40DDA17}") = "AmazingMartCube", "AmazingMartCube\AmazingMartCube.dwproj", "{062E5D27-790E-483B-AA56-4428C49FA815}"
EndProject
Global
	GlobalSection(SolutionConfigurationPlatforms) = preSolution
		Development|Default = Development|Default
	EndGlobalSection
	GlobalSection(ProjectConfigurationPlatforms) = postSolution
		{4A44026C-8312-414B-A33C-7B721B745F1F}.Development|Default.ActiveCfg = Development
		{4A44026C-8312-414B-A33C-7B721B745F1F}.Development|Default.Build.0 = Development
		{062E5D27-790E-483B-AA56-4428C49FA815}.Development|Default.ActiveCfg = Development
		{062E5D27-790E-483B-AA56-4428C49FA815}.Development|Default.Build.0 = Development
		{062E5D27-790E-483B-AA56-4428C49FA815}.Development|Default.Deploy.0 = Development
	EndGlobalSection
	GlobalSection(SolutionProperties) = preSolution
		HideSolutionNode = FALSE
	EndGlobalSection
	GlobalSection(ExtensibilityGlobals) = postSolution
		SolutionGuid = {008F2B26-E12C-4674-8401-2EDB9FCCC0BC}
	EndGlobalSection
EndGlobal
